PODS:
  - Alamofire (4.8.2)
  - Mockit (1.4.0)
  - Nimble (8.0.1)
  - Quick (2.1.0)
  - Starscream (3.0.6)

DEPENDENCIES:
  - Alamofire (= 4.8.2)
  - Mockit (= 1.4.0)
  - Nimble
  - Quick
  - Starscream (= 3.0.6)

SPEC REPOS:
  https://github.com/cocoapods/specs.git:
    - Alamofire
    - Mockit
    - Nimble
    - Quick
    - Starscream

SPEC CHECKSUMS:
  Alamofire: ae5c501addb7afdbb13687d7f2f722c78734c2d3
  Mockit: 03fd83ba6d0f71bc4af6d2745ac7a01b084ab3ca
  Nimble: 45f786ae66faa9a709624227fae502db55a8bdd0
  Quick: 4be43f6634acfa727dd106bdf3929ce125ffa79d
  Starscream: ef3ece99d765eeccb67de105bfa143f929026cf5

PODFILE CHECKSUM: e6c5b11769e53a634fa02bd663e048bddb3e3102

COCOAPODS: 1.5.3
